
Microsoft Visual Studio Solution File, Format Version 12.00
# Visual Studio Version 17
VisualStudioVersion = 17.12.35323.107
MinimumVisualStudioVersion = 10.0.40219.1
Project("{9A19103F-16F7-4668-BE54-9A1E7A4F7556}") = "DotNetLocalizedTool", "DotNetLocalizedTool\DotNetLocalizedTool.csproj", "{938207BC-15B5-489A-95F5-F39BB60E3161}"
EndProject
Project("{9A19103F-16F7-4668-BE54-9A1E7A4F7556}") = "TestProject1", "TestProject1\TestProject1.csproj", "{FC9DAF93-ACF6-4358-B427-26A4C7D6B724}"
EndProject
Global
	GlobalSection(SolutionConfigurationPlatforms) = preSolution
		Debug|Any CPU = Debug|Any CPU
		Release|Any CPU = Release|Any CPU
	EndGlobalSection
	GlobalSection(ProjectConfigurationPlatforms) = postSolution
		{938207BC-15B5-489A-95F5-F39BB60E3161}.Debug|Any CPU.ActiveCfg = Debug|Any CPU
		{938207BC-15B5-489A-95F5-F39BB60E3161}.Debug|Any CPU.Build.0 = Debug|Any CPU
		{938207BC-15B5-489A-95F5-F39BB60E3161}.Release|Any CPU.ActiveCfg = Release|Any CPU
		{938207BC-15B5-489A-95F5-F39BB60E3161}.Release|Any CPU.Build.0 = Release|Any CPU
		{FC9DAF93-ACF6-4358-B427-26A4C7D6B724}.Debug|Any CPU.ActiveCfg = Debug|Any CPU
		{FC9DAF93-ACF6-4358-B427-26A4C7D6B724}.Debug|Any CPU.Build.0 = Debug|Any CPU
		{FC9DAF93-ACF6-4358-B427-26A4C7D6B724}.Release|Any CPU.ActiveCfg = Release|Any CPU
		{FC9DAF93-ACF6-4358-B427-26A4C7D6B724}.Release|Any CPU.Build.0 = Release|Any CPU
	EndGlobalSection
	GlobalSection(SolutionProperties) = preSolution
		HideSolutionNode = FALSE
	EndGlobalSection
	GlobalSection(ExtensibilityGlobals) = postSolution
		SolutionGuid = {C1079543-DF4C-4020-9394-074FD0473705}
	EndGlobalSection
EndGlobal
